
Microsoft Visual Studio Solution File, Format Version 12.00
# Visual Studio 14
VisualStudioVersion = 14.0.25123.0
MinimumVisualStudioVersion = 10.0.40219.1
Project("{FAE04EC0-301F-11D3-BF4B-00C04F79EFBC}") = "Cardio4u.Tests", "Cardio4u.Tests\Cardio4u.Tests.csproj", "{0220634A-760A-4A55-B6E9-11A7CF52FA27}"
EndProject
Project("{FAE04EC0-301F-11D3-BF4B-00C04F79EFBC}") = "Cardio4u", "Cardio4u\Cardio4u.csproj", "{060C15B7-4505-4B0A-A919-66BA5F468461}"
EndProject
Global
	GlobalSection(SolutionConfigurationPlatforms) = preSolution
		Debug|Any CPU = Debug|Any CPU
		Release|Any CPU = Release|Any CPU
	EndGlobalSection
	GlobalSection(ProjectConfigurationPlatforms) = postSolution
		{0220634A-760A-4A55-B6E9-11A7CF52FA27}.Debug|Any CPU.ActiveCfg = Debug|Any CPU
		{0220634A-760A-4A55-B6E9-11A7CF52FA27}.Debug|Any CPU.Build.0 = Debug|Any CPU
		{0220634A-760A-4A55-B6E9-11A7CF52FA27}.Release|Any CPU.ActiveCfg = Release|Any CPU
		{0220634A-760A-4A55-B6E9-11A7CF52FA27}.Release|Any CPU.Build.0 = Release|Any CPU
		{060C15B7-4505-4B0A-A919-66BA5F468461}.Debug|Any CPU.ActiveCfg = Debug|Any CPU
		{060C15B7-4505-4B0A-A919-66BA5F468461}.Debug|Any CPU.Build.0 = Debug|Any CPU
		{060C15B7-4505-4B0A-A919-66BA5F468461}.Release|Any CPU.ActiveCfg = Release|Any CPU
		{060C15B7-4505-4B0A-A919-66BA5F468461}.Release|Any CPU.Build.0 = Release|Any CPU
	EndGlobalSection
	GlobalSection(SolutionProperties) = preSolution
		HideSolutionNode = FALSE
	EndGlobalSection
EndGlobal
